
Microsoft Visual Studio Solution File, Format Version 12.00
# Visual Studio Version 17
VisualStudioVersion = 17.11.35303.130
MinimumVisualStudioVersion = 10.0.40219.1
Project("{FAE04EC0-301F-11D3-BF4B-00C04F79EFBC}") = "FileUpload", "FileUpload\FileUpload.csproj", "{02D9D23D-BE45-44FB-B28D-E33E4265536E}"
EndProject
Global
	GlobalSection(SolutionConfigurationPlatforms) = preSolution
		Debug|Any CPU = Debug|Any CPU
		Release|Any CPU = Release|Any CPU
	EndGlobalSection
	GlobalSection(ProjectConfigurationPlatforms) = postSolution
		{02D9D23D-BE45-44FB-B28D-E33E4265536E}.Debug|Any CPU.ActiveCfg = Debug|Any CPU
		{02D9D23D-BE45-44FB-B28D-E33E4265536E}.Debug|Any CPU.Build.0 = Debug|Any CPU
		{02D9D23D-BE45-44FB-B28D-E33E4265536E}.Release|Any CPU.ActiveCfg = Release|Any CPU
		{02D9D23D-BE45-44FB-B28D-E33E4265536E}.Release|Any CPU.Build.0 = Release|Any CPU
	EndGlobalSection
	GlobalSection(SolutionProperties) = preSolution
		HideSolutionNode = FALSE
	EndGlobalSection
	GlobalSection(ExtensibilityGlobals) = postSolution
		SolutionGuid = {3B46AD45-442D-4E9B-90A6-B5EB597B5096}
	EndGlobalSection
EndGlobal
